
Microsoft Visual Studio Solution File, Format Version 12.00
# Visual Studio Version 16
VisualStudioVersion = 16.0.31105.61
MinimumVisualStudioVersion = 10.0.40219.1
Project("{FAE04EC0-301F-11D3-BF4B-00C04F79EFBC}") = "BloonMgr", "BloonMgr\BloonMgr.csproj", "{DFC5533B-DB79-4372-B497-72A9A8FDAA56}"
EndProject
Global
	GlobalSection(SolutionConfigurationPlatforms) = preSolution
		Debug|Any CPU = Debug|Any CPU
		Release|Any CPU = Release|Any CPU
	EndGlobalSection
	GlobalSection(ProjectConfigurationPlatforms) = postSolution
		{DFC5533B-DB79-4372-B497-72A9A8FDAA56}.Debug|Any CPU.ActiveCfg = Debug|Any CPU
		{DFC5533B-DB79-4372-B497-72A9A8FDAA56}.Debug|Any CPU.Build.0 = Debug|Any CPU
		{DFC5533B-DB79-4372-B497-72A9A8FDAA56}.Release|Any CPU.ActiveCfg = Release|Any CPU
		{DFC5533B-DB79-4372-B497-72A9A8FDAA56}.Release|Any CPU.Build.0 = Release|Any CPU
	EndGlobalSection
	GlobalSection(SolutionProperties) = preSolution
		HideSolutionNode = FALSE
	EndGlobalSection
	GlobalSection(ExtensibilityGlobals) = postSolution
		SolutionGuid = {6D400431-38D0-40C4-A779-0E17AF95D55C}
	EndGlobalSection
EndGlobal
